{
  "name": "synth-ai",
  "lockfileVersion": 3,
  "requires": true,
  "packages": {
    "": {
      "dependencies": {
        "claude-code": "^0.0.2"
      }
    },
    "node_modules/claude-code": {
      "version": "0.0.2",
      "resolved": "https://registry.npmjs.org/claude-code/-/claude-code-0.0.2.tgz",
      "integrity": "sha512-Lpx7qu4M+QJuEAz8z0GGjKgqIJytl1G21ePTOyQ91NR7GZkmH3eiQO5SNAjsOIQ9o80IqvPH1awtjKqOU/P+PA==",
      "peerDependencies": {
        "typescript": "^5"
      }
    },
    "node_modules/typescript": {
      "version": "5.9.2",
      "resolved": "https://registry.npmjs.org/typescript/-/typescript-5.9.2.tgz",
      "integrity": "sha512-CWBzXQrc/qOkhidw1OzBTQuYRbfyxDXJMVJ1XNwUHGROVmuaeiEm3OslpZ1RV96d7SKKjZKrSJu3+t/xlw3R9A==",
      "license": "Apache-2.0",
      "peer": true,
      "bin": {
        "tsc": "bin/tsc",
        "tsserver": "bin/tsserver"
      },
      "engines": {
        "node": ">=14.17"
      }
    }
  }
}
